{
  "name": "2d_arts_js",
  "version": "2.0.1",
  "lockfileVersion": 3,
  "requires": true,
  "packages": {
    "": {
      "name": "2d_arts_js",
      "version": "2.0.1",
      "license": "ISC",
      "dependencies": {
        "2d_arts_js": "file:"
      }
    },
    "node_modules/2d_arts_js": {
      "version": "2.0.1",
      "resolved": "file:",
      "license": "ISC",
      "dependencies": {
        "2d_arts_js": "file:"
      }
    }
  }
}
